// !$*UTF8*$!
{
	archiveVersion = 1;
	classes = {
	};
	objectVersion = 56;
	objects = {

/* Begin PBXBuildFile section */
		0293C8FF2BAF121D009408F3 /* VacancyCardInfoView.swift in Sources */ = {isa = PBXBuildFile; fileRef = 0293C8FE2BAF121D009408F3 /* VacancyCardInfoView.swift */; };
		0293C9012BAF4F35009408F3 /* CustomButton.swift in Sources */ = {isa = PBXBuildFile; fileRef = 0293C9002BAF4F35009408F3 /* CustomButton.swift */; };
		0293C9032BAF511C009408F3 /* AppFonts.swift in Sources */ = {isa = PBXBuildFile; fileRef = 0293C9022BAF511C009408F3 /* AppFonts.swift */; };
		0293C9052BAF6195009408F3 /* Helpers.swift in Sources */ = {isa = PBXBuildFile; fileRef = 0293C9042BAF6195009408F3 /* Helpers.swift */; };
		0293C9072BAF62CA009408F3 /* VacancyDescriptionView.swift in Sources */ = {isa = PBXBuildFile; fileRef = 0293C9062BAF62CA009408F3 /* VacancyDescriptionView.swift */; };
		0293C90B2BAFD763009408F3 /* JobData.swift in Sources */ = {isa = PBXBuildFile; fileRef = 0293C90A2BAFD763009408F3 /* JobData.swift */; };
		0293C90D2BAFDC2E009408F3 /* NetworkManager.swift in Sources */ = {isa = PBXBuildFile; fileRef = 0293C90C2BAFDC2E009408F3 /* NetworkManager.swift */; };
		0293C90F2BAFDD7C009408F3 /* ReceiveData.swift in Sources */ = {isa = PBXBuildFile; fileRef = 0293C90E2BAFDD7C009408F3 /* ReceiveData.swift */; };
		0293C9132BAFFEDC009408F3 /* FastFilterView.swift in Sources */ = {isa = PBXBuildFile; fileRef = 0293C9122BAFFEDC009408F3 /* FastFilterView.swift */; };
		0293C9152BB01230009408F3 /* FilterRowView.swift in Sources */ = {isa = PBXBuildFile; fileRef = 0293C9142BB01230009408F3 /* FilterRowView.swift */; };
		0293C9172BB07D55009408F3 /* VacancyViewInformation.swift in Sources */ = {isa = PBXBuildFile; fileRef = 0293C9162BB07D55009408F3 /* VacancyViewInformation.swift */; };
		02D83EAC2BA5AEBC00D680AD /* E1App.swift in Sources */ = {isa = PBXBuildFile; fileRef = 02D83EAB2BA5AEBC00D680AD /* E1App.swift */; };
		02D83EAE2BA5AEBC00D680AD /* ContentView.swift in Sources */ = {isa = PBXBuildFile; fileRef = 02D83EAD2BA5AEBC00D680AD /* ContentView.swift */; };
		02D83EB02BA5AEBD00D680AD /* Assets.xcassets in Resources */ = {isa = PBXBuildFile; fileRef = 02D83EAF2BA5AEBD00D680AD /* Assets.xcassets */; };
		02D83EB32BA5AEBD00D680AD /* Preview Assets.xcassets in Resources */ = {isa = PBXBuildFile; fileRef = 02D83EB22BA5AEBD00D680AD /* Preview Assets.xcassets */; };
		02D83EBD2BA601D900D680AD /* SearchView.swift in Sources */ = {isa = PBXBuildFile; fileRef = 02D83EBC2BA601D900D680AD /* SearchView.swift */; };
		02D83EBF2BA60AFA00D680AD /* LoginView.swift in Sources */ = {isa = PBXBuildFile; fileRef = 02D83EBE2BA60AFA00D680AD /* LoginView.swift */; };
		02D83EC22BA6BEC900D680AD /* WorkerLoginView.swift in Sources */ = {isa = PBXBuildFile; fileRef = 02D83EC12BA6BEC900D680AD /* WorkerLoginView.swift */; };
		02D83EC42BA6BFBA00D680AD /* EmployerLoginView.swift in Sources */ = {isa = PBXBuildFile; fileRef = 02D83EC32BA6BFBA00D680AD /* EmployerLoginView.swift */; };
		02D83EC72BA6CF4400D680AD /* AppColors.swift in Sources */ = {isa = PBXBuildFile; fileRef = 02D83EC62BA6CF4400D680AD /* AppColors.swift */; };
		02D83EC92BA6E2C500D680AD /* EnterCodeView.swift in Sources */ = {isa = PBXBuildFile; fileRef = 02D83EC82BA6E2C500D680AD /* EnterCodeView.swift */; };
/* End PBXBuildFile section */

/* Begin PBXFileReference section */
		0293C8FE2BAF121D009408F3 /* VacancyCardInfoView.swift */ = {isa = PBXFileReference; lastKnownFileType = sourcecode.swift; path = VacancyCardInfoView.swift; sourceTree = "<group>"; };
		0293C9002BAF4F35009408F3 /* CustomButton.swift */ = {isa = PBXFileReference; lastKnownFileType = sourcecode.swift; path = CustomButton.swift; sourceTree = "<group>"; };
		0293C9022BAF511C009408F3 /* AppFonts.swift */ = {isa = PBXFileReference; lastKnownFileType = sourcecode.swift; path = AppFonts.swift; sourceTree = "<group>"; };
		0293C9042BAF6195009408F3 /* Helpers.swift */ = {isa = PBXFileReference; lastKnownFileType = sourcecode.swift; path = Helpers.swift; sourceTree = "<group>"; };
		0293C9062BAF62CA009408F3 /* VacancyDescriptionView.swift */ = {isa = PBXFileReference; lastKnownFileType = sourcecode.swift; path = VacancyDescriptionView.swift; sourceTree = "<group>"; };
		0293C90A2BAFD763009408F3 /* JobData.swift */ = {isa = PBXFileReference; lastKnownFileType = sourcecode.swift; path = JobData.swift; sourceTree = "<group>"; };
		0293C90C2BAFDC2E009408F3 /* NetworkManager.swift */ = {isa = PBXFileReference; lastKnownFileType = sourcecode.swift; path = NetworkManager.swift; sourceTree = "<group>"; };
		0293C90E2BAFDD7C009408F3 /* ReceiveData.swift */ = {isa = PBXFileReference; lastKnownFileType = sourcecode.swift; path = ReceiveData.swift; sourceTree = "<group>"; };
		0293C9122BAFFEDC009408F3 /* FastFilterView.swift */ = {isa = PBXFileReference; lastKnownFileType = sourcecode.swift; path = FastFilterView.swift; sourceTree = "<group>"; };
		0293C9142BB01230009408F3 /* FilterRowView.swift */ = {isa = PBXFileReference; lastKnownFileType = sourcecode.swift; path = FilterRowView.swift; sourceTree = "<group>"; };
		0293C9162BB07D55009408F3 /* VacancyViewInformation.swift */ = {isa = PBXFileReference; lastKnownFileType = sourcecode.swift; path = VacancyViewInformation.swift; sourceTree = "<group>"; };
		02D83EA82BA5AEBC00D680AD /* e1_app.app */ = {isa = PBXFileReference; explicitFileType = wrapper.application; includeInIndex = 0; path = e1_app.app; sourceTree = BUILT_PRODUCTS_DIR; };
		02D83EAB2BA5AEBC00D680AD /* E1App.swift */ = {isa = PBXFileReference; lastKnownFileType = sourcecode.swift; path = E1App.swift; sourceTree = "<group>"; };
		02D83EAD2BA5AEBC00D680AD /* ContentView.swift */ = {isa = PBXFileReference; lastKnownFileType = sourcecode.swift; path = ContentView.swift; sourceTree = "<group>"; };
		02D83EAF2BA5AEBD00D680AD /* Assets.xcassets */ = {isa = PBXFileReference; lastKnownFileType = folder.assetcatalog; path = Assets.xcassets; sourceTree = "<group>"; };
		02D83EB22BA5AEBD00D680AD /* Preview Assets.xcassets */ = {isa = PBXFileReference; lastKnownFileType = folder.assetcatalog; path = "Preview Assets.xcassets"; sourceTree = "<group>"; };
		02D83EBC2BA601D900D680AD /* SearchView.swift */ = {isa = PBXFileReference; lastKnownFileType = sourcecode.swift; path = SearchView.swift; sourceTree = "<group>"; };
		02D83EBE2BA60AFA00D680AD /* LoginView.swift */ = {isa = PBXFileReference; lastKnownFileType = sourcecode.swift; path = LoginView.swift; sourceTree = "<group>"; };
		02D83EC12BA6BEC900D680AD /* WorkerLoginView.swift */ = {isa = PBXFileReference; lastKnownFileType = sourcecode.swift; path = WorkerLoginView.swift; sourceTree = "<group>"; };
		02D83EC32BA6BFBA00D680AD /* EmployerLoginView.swift */ = {isa = PBXFileReference; lastKnownFileType = sourcecode.swift; path = EmployerLoginView.swift; sourceTree = "<group>"; };
		02D83EC62BA6CF4400D680AD /* AppColors.swift */ = {isa = PBXFileReference; lastKnownFileType = sourcecode.swift; path = AppColors.swift; sourceTree = "<group>"; };
		02D83EC82BA6E2C500D680AD /* EnterCodeView.swift */ = {isa = PBXFileReference; lastKnownFileType = sourcecode.swift; path = EnterCodeView.swift; sourceTree = "<group>"; };
/* End PBXFileReference section */

/* Begin PBXFrameworksBuildPhase section */
		02D83EA52BA5AEBC00D680AD /* Frameworks */ = {
			isa = PBXFrameworksBuildPhase;
			buildActionMask = 2147483647;
			files = (
			);
			runOnlyForDeploymentPostprocessing = 0;
		};
/* End PBXFrameworksBuildPhase section */

/* Begin PBXGroup section */
		0293C9082BAFD73A009408F3 /* ViewModel */ = {
			isa = PBXGroup;
			children = (
				0293C90E2BAFDD7C009408F3 /* ReceiveData.swift */,
			);
			path = ViewModel;
			sourceTree = "<group>";
		};
		0293C9092BAFD747009408F3 /* Model */ = {
			isa = PBXGroup;
			children = (
				0293C90A2BAFD763009408F3 /* JobData.swift */,
			);
			path = Model;
			sourceTree = "<group>";
		};
		0293C9102BAFDE56009408F3 /* Network */ = {
			isa = PBXGroup;
			children = (
				0293C90C2BAFDC2E009408F3 /* NetworkManager.swift */,
			);
			path = Network;
			sourceTree = "<group>";
		};
		0293C9112BAFDE91009408F3 /* Subview */ = {
			isa = PBXGroup;
			children = (
				02D83EC12BA6BEC900D680AD /* WorkerLoginView.swift */,
				02D83EC32BA6BFBA00D680AD /* EmployerLoginView.swift */,
				02D83EC82BA6E2C500D680AD /* EnterCodeView.swift */,
				0293C8FE2BAF121D009408F3 /* VacancyCardInfoView.swift */,
				0293C9002BAF4F35009408F3 /* CustomButton.swift */,
				0293C9062BAF62CA009408F3 /* VacancyDescriptionView.swift */,
				0293C9122BAFFEDC009408F3 /* FastFilterView.swift */,
				0293C9142BB01230009408F3 /* FilterRowView.swift */,
				0293C9162BB07D55009408F3 /* VacancyViewInformation.swift */,
			);
			path = Subview;
			sourceTree = "<group>";
		};
		02D83E9F2BA5AEBC00D680AD = {
			isa = PBXGroup;
			children = (
				02D83EAA2BA5AEBC00D680AD /* e1_app */,
				02D83EA92BA5AEBC00D680AD /* Products */,
			);
			sourceTree = "<group>";
		};
		02D83EA92BA5AEBC00D680AD /* Products */ = {
			isa = PBXGroup;
			children = (
				02D83EA82BA5AEBC00D680AD /* e1_app.app */,
			);
			name = Products;
			sourceTree = "<group>";
		};
		02D83EAA2BA5AEBC00D680AD /* e1_app */ = {
			isa = PBXGroup;
			children = (
				02D83EBA2BA5E07B00D680AD /* App */,
				02D83EC02BA6BE8400D680AD /* Widgets */,
				02D83EB92BA5E06300D680AD /* Resources */,
			);
			path = e1_app;
			sourceTree = "<group>";
		};
		02D83EB12BA5AEBD00D680AD /* Preview Content */ = {
			isa = PBXGroup;
			children = (
				02D83EB22BA5AEBD00D680AD /* Preview Assets.xcassets */,
			);
			path = "Preview Content";
			sourceTree = "<group>";
		};
		02D83EB92BA5E06300D680AD /* Resources */ = {
			isa = PBXGroup;
			children = (
				02D83EC52BA6CF2900D680AD /* Assets */,
				02D83EAF2BA5AEBD00D680AD /* Assets.xcassets */,
				02D83EB12BA5AEBD00D680AD /* Preview Content */,
			);
			path = Resources;
			sourceTree = "<group>";
		};
		02D83EBA2BA5E07B00D680AD /* App */ = {
			isa = PBXGroup;
			children = (
				02D83EAB2BA5AEBC00D680AD /* E1App.swift */,
				02D83EAD2BA5AEBC00D680AD /* ContentView.swift */,
				0293C9102BAFDE56009408F3 /* Network */,
				0293C9092BAFD747009408F3 /* Model */,
				0293C9082BAFD73A009408F3 /* ViewModel */,
				02D83EBB2BA6019A00D680AD /* View */,
			);
			path = App;
			sourceTree = "<group>";
		};
		02D83EBB2BA6019A00D680AD /* View */ = {
			isa = PBXGroup;
			children = (
				02D83EBC2BA601D900D680AD /* SearchView.swift */,
				02D83EBE2BA60AFA00D680AD /* LoginView.swift */,
				0293C9112BAFDE91009408F3 /* Subview */,
			);
			path = View;
			sourceTree = "<group>";
		};
		02D83EC02BA6BE8400D680AD /* Widgets */ = {
			isa = PBXGroup;
			children = (
				0293C9042BAF6195009408F3 /* Helpers.swift */,
			);
			path = Widgets;
			sourceTree = "<group>";
		};
		02D83EC52BA6CF2900D680AD /* Assets */ = {
			isa = PBXGroup;
			children = (
				02D83EC62BA6CF4400D680AD /* AppColors.swift */,
				0293C9022BAF511C009408F3 /* AppFonts.swift */,
			);
			path = Assets;
			sourceTree = "<group>";
		};
/* End PBXGroup section */

/* Begin PBXNativeTarget section */
		02D83EA72BA5AEBC00D680AD /* e1_app */ = {
			isa = PBXNativeTarget;
			buildConfigurationList = 02D83EB62BA5AEBD00D680AD /* Build configuration list for PBXNativeTarget "e1_app" */;
			buildPhases = (
				02D83EA42BA5AEBC00D680AD /* Sources */,
				02D83EA52BA5AEBC00D680AD /* Frameworks */,
				02D83EA62BA5AEBC00D680AD /* Resources */,
			);
			buildRules = (
			);
			dependencies = (
			);
			name = e1_app;
			productName = e1_app;
			productReference = 02D83EA82BA5AEBC00D680AD /* e1_app.app */;
			productType = "com.apple.product-type.application";
		};
/* End PBXNativeTarget section */

/* Begin PBXProject section */
		02D83EA02BA5AEBC00D680AD /* Project object */ = {
			isa = PBXProject;
			attributes = {
				BuildIndependentTargetsInParallel = 1;
				LastSwiftUpdateCheck = 1530;
				LastUpgradeCheck = 1530;
				TargetAttributes = {
					02D83EA72BA5AEBC00D680AD = {
						CreatedOnToolsVersion = 15.3;
					};
				};
			};
			buildConfigurationList = 02D83EA32BA5AEBC00D680AD /* Build configuration list for PBXProject "e1_app" */;
			compatibilityVersion = "Xcode 14.0";
			developmentRegion = en;
			hasScannedForEncodings = 0;
			knownRegions = (
				en,
				Base,
			);
			mainGroup = 02D83E9F2BA5AEBC00D680AD;
			productRefGroup = 02D83EA92BA5AEBC00D680AD /* Products */;
			projectDirPath = "";
			projectRoot = "";
			targets = (
				02D83EA72BA5AEBC00D680AD /* e1_app */,
			);
		};
/* End PBXProject section */

/* Begin PBXResourcesBuildPhase section */
		02D83EA62BA5AEBC00D680AD /* Resources */ = {
			isa = PBXResourcesBuildPhase;
			buildActionMask = 2147483647;
			files = (
				02D83EB32BA5AEBD00D680AD /* Preview Assets.xcassets in Resources */,
				02D83EB02BA5AEBD00D680AD /* Assets.xcassets in Resources */,
			);
			runOnlyForDeploymentPostprocessing = 0;
		};
/* End PBXResourcesBuildPhase section */

/* Begin PBXSourcesBuildPhase section */
		02D83EA42BA5AEBC00D680AD /* Sources */ = {
			isa = PBXSourcesBuildPhase;
			buildActionMask = 2147483647;
			files = (
				0293C8FF2BAF121D009408F3 /* VacancyCardInfoView.swift in Sources */,
				02D83EC22BA6BEC900D680AD /* WorkerLoginView.swift in Sources */,
				02D83EAE2BA5AEBC00D680AD /* ContentView.swift in Sources */,
				02D83EC92BA6E2C500D680AD /* EnterCodeView.swift in Sources */,
				0293C9172BB07D55009408F3 /* VacancyViewInformation.swift in Sources */,
				0293C9012BAF4F35009408F3 /* CustomButton.swift in Sources */,
				0293C9032BAF511C009408F3 /* AppFonts.swift in Sources */,
				02D83EBD2BA601D900D680AD /* SearchView.swift in Sources */,
				0293C9072BAF62CA009408F3 /* VacancyDescriptionView.swift in Sources */,
				0293C9052BAF6195009408F3 /* Helpers.swift in Sources */,
				0293C90F2BAFDD7C009408F3 /* ReceiveData.swift in Sources */,
				02D83EBF2BA60AFA00D680AD /* LoginView.swift in Sources */,
				0293C9152BB01230009408F3 /* FilterRowView.swift in Sources */,
				0293C9132BAFFEDC009408F3 /* FastFilterView.swift in Sources */,
				02D83EC72BA6CF4400D680AD /* AppColors.swift in Sources */,
				0293C90B2BAFD763009408F3 /* JobData.swift in Sources */,
				0293C90D2BAFDC2E009408F3 /* NetworkManager.swift in Sources */,
				02D83EAC2BA5AEBC00D680AD /* E1App.swift in Sources */,
				02D83EC42BA6BFBA00D680AD /* EmployerLoginView.swift in Sources */,
			);
			runOnlyForDeploymentPostprocessing = 0;
		};
/* End PBXSourcesBuildPhase section */

/* Begin XCBuildConfiguration section */
		02D83EB42BA5AEBD00D680AD /* Debug */ = {
			isa = XCBuildConfiguration;
			buildSettings = {
				ALWAYS_SEARCH_USER_PATHS = NO;
				ASSETCATALOG_COMPILER_GENERATE_SWIFT_ASSET_SYMBOL_EXTENSIONS = YES;
				CLANG_ANALYZER_NONNULL = YES;
				CLANG_ANALYZER_NUMBER_OBJECT_CONVERSION = YES_AGGRESSIVE;
				CLANG_CXX_LANGUAGE_STANDARD = "gnu++20";
				CLANG_ENABLE_MODULES = YES;
				CLANG_ENABLE_OBJC_ARC = YES;
				CLANG_ENABLE_OBJC_WEAK = YES;
				CLANG_WARN_BLOCK_CAPTURE_AUTORELEASING = YES;
				CLANG_WARN_BOOL_CONVERSION = YES;
				CLANG_WARN_COMMA = YES;
				CLANG_WARN_CONSTANT_CONVERSION = YES;
				CLANG_WARN_DEPRECATED_OBJC_IMPLEMENTATIONS = YES;
				CLANG_WARN_DIRECT_OBJC_ISA_USAGE = YES_ERROR;
				CLANG_WARN_DOCUMENTATION_COMMENTS = YES;
				CLANG_WARN_EMPTY_BODY = YES;
				CLANG_WARN_ENUM_CONVERSION = YES;
				CLANG_WARN_INFINITE_RECURSION = YES;
				CLANG_WARN_INT_CONVERSION = YES;
				CLANG_WARN_NON_LITERAL_NULL_CONVERSION = YES;
				CLANG_WARN_OBJC_IMPLICIT_RETAIN_SELF = YES;
				CLANG_WARN_OBJC_LITERAL_CONVERSION = YES;
				CLANG_WARN_OBJC_ROOT_CLASS = YES_ERROR;
				CLANG_WARN_QUOTED_INCLUDE_IN_FRAMEWORK_HEADER = YES;
				CLANG_WARN_RANGE_LOOP_ANALYSIS = YES;
				CLANG_WARN_STRICT_PROTOTYPES = YES;
				CLANG_WARN_SUSPICIOUS_MOVE = YES;
				CLANG_WARN_UNGUARDED_AVAILABILITY = YES_AGGRESSIVE;
				CLANG_WARN_UNREACHABLE_CODE = YES;
				CLANG_WARN__DUPLICATE_METHOD_MATCH = YES;
				COPY_PHASE_STRIP = NO;
				DEBUG_INFORMATION_FORMAT = dwarf;
				ENABLE_STRICT_OBJC_MSGSEND = YES;
				ENABLE_TESTABILITY = YES;
				ENABLE_USER_SCRIPT_SANDBOXING = YES;
				GCC_C_LANGUAGE_STANDARD = gnu17;
				GCC_DYNAMIC_NO_PIC = NO;
				GCC_NO_COMMON_BLOCKS = YES;
				GCC_OPTIMIZATION_LEVEL = 0;
				GCC_PREPROCESSOR_DEFINITIONS = (
					"DEBUG=1",
					"$(inherited)",
				);
				GCC_WARN_64_TO_32_BIT_CONVERSION = YES;
				GCC_WARN_ABOUT_RETURN_TYPE = YES_ERROR;
				GCC_WARN_UNDECLARED_SELECTOR = YES;
				GCC_WARN_UNINITIALIZED_AUTOS = YES_AGGRESSIVE;
				GCC_WARN_UNUSED_FUNCTION = YES;
				GCC_WARN_UNUSED_VARIABLE = YES;
				IPHONEOS_DEPLOYMENT_TARGET = 17.4;
				LOCALIZATION_PREFERS_STRING_CATALOGS = YES;
				MTL_ENABLE_DEBUG_INFO = INCLUDE_SOURCE;
				MTL_FAST_MATH = YES;
				ONLY_ACTIVE_ARCH = YES;
				SDKROOT = iphoneos;
				SWIFT_ACTIVE_COMPILATION_CONDITIONS = "DEBUG $(inherited)";
				SWIFT_OPTIMIZATION_LEVEL = "-Onone";
			};
			name = Debug;
		};
		02D83EB52BA5AEBD00D680AD /* Release */ = {
			isa = XCBuildConfiguration;
			buildSettings = {
				ALWAYS_SEARCH_USER_PATHS = NO;
				ASSETCATALOG_COMPILER_GENERATE_SWIFT_ASSET_SYMBOL_EXTENSIONS = YES;
				CLANG_ANALYZER_NONNULL = YES;
				CLANG_ANALYZER_NUMBER_OBJECT_CONVERSION = YES_AGGRESSIVE;
				CLANG_CXX_LANGUAGE_STANDARD = "gnu++20";
				CLANG_ENABLE_MODULES = YES;
				CLANG_ENABLE_OBJC_ARC = YES;
				CLANG_ENABLE_OBJC_WEAK = YES;
				CLANG_WARN_BLOCK_CAPTURE_AUTORELEASING = YES;
				CLANG_WARN_BOOL_CONVERSION = YES;
				CLANG_WARN_COMMA = YES;
				CLANG_WARN_CONSTANT_CONVERSION = YES;
				CLANG_WARN_DEPRECATED_OBJC_IMPLEMENTATIONS = YES;
				CLANG_WARN_DIRECT_OBJC_ISA_USAGE = YES_ERROR;
				CLANG_WARN_DOCUMENTATION_COMMENTS = YES;
				CLANG_WARN_EMPTY_BODY = YES;
				CLANG_WARN_ENUM_CONVERSION = YES;
				CLANG_WARN_INFINITE_RECURSION = YES;
				CLANG_WARN_INT_CONVERSION = YES;
				CLANG_WARN_NON_LITERAL_NULL_CONVERSION = YES;
				CLANG_WARN_OBJC_IMPLICIT_RETAIN_SELF = YES;
				CLANG_WARN_OBJC_LITERAL_CONVERSION = YES;
				CLANG_WARN_OBJC_ROOT_CLASS = YES_ERROR;
				CLANG_WARN_QUOTED_INCLUDE_IN_FRAMEWORK_HEADER = YES;
				CLANG_WARN_RANGE_LOOP_ANALYSIS = YES;
				CLANG_WARN_STRICT_PROTOTYPES = YES;
				CLANG_WARN_SUSPICIOUS_MOVE = YES;
				CLANG_WARN_UNGUARDED_AVAILABILITY = YES_AGGRESSIVE;
				CLANG_WARN_UNREACHABLE_CODE = YES;
				CLANG_WARN__DUPLICATE_METHOD_MATCH = YES;
				COPY_PHASE_STRIP = NO;
				DEBUG_INFORMATION_FORMAT = "dwarf-with-dsym";
				ENABLE_NS_ASSERTIONS = NO;
				ENABLE_STRICT_OBJC_MSGSEND = YES;
				ENABLE_USER_SCRIPT_SANDBOXING = YES;
				GCC_C_LANGUAGE_STANDARD = gnu17;
				GCC_NO_COMMON_BLOCKS = YES;
				GCC_WARN_64_TO_32_BIT_CONVERSION = YES;
				GCC_WARN_ABOUT_RETURN_TYPE = YES_ERROR;
				GCC_WARN_UNDECLARED_SELECTOR = YES;
				GCC_WARN_UNINITIALIZED_AUTOS = YES_AGGRESSIVE;
				GCC_WARN_UNUSED_FUNCTION = YES;
				GCC_WARN_UNUSED_VARIABLE = YES;
				IPHONEOS_DEPLOYMENT_TARGET = 17.4;
				LOCALIZATION_PREFERS_STRING_CATALOGS = YES;
				MTL_ENABLE_DEBUG_INFO = NO;
				MTL_FAST_MATH = YES;
				SDKROOT = iphoneos;
				SWIFT_COMPILATION_MODE = wholemodule;
				VALIDATE_PRODUCT = YES;
			};
			name = Release;
		};
		02D83EB72BA5AEBD00D680AD /* Debug */ = {
			isa = XCBuildConfiguration;
			buildSettings = {
				ASSETCATALOG_COMPILER_APPICON_NAME = AppIcon;
				ASSETCATALOG_COMPILER_GLOBAL_ACCENT_COLOR_NAME = AccentColor;
				CODE_SIGN_STYLE = Automatic;
				CURRENT_PROJECT_VERSION = 1;
				DEVELOPMENT_ASSET_PATHS = "\"e1_app/Resources/Preview Content\"";
				DEVELOPMENT_TEAM = 2L568N4PXS;
				ENABLE_PREVIEWS = YES;
				GENERATE_INFOPLIST_FILE = YES;
				INFOPLIST_KEY_LSApplicationCategoryType = "public.app-category.business";
				INFOPLIST_KEY_UIApplicationSceneManifest_Generation = YES;
				INFOPLIST_KEY_UIApplicationSupportsIndirectInputEvents = YES;
				INFOPLIST_KEY_UILaunchScreen_Generation = YES;
				INFOPLIST_KEY_UISupportedInterfaceOrientations = UIInterfaceOrientationPortrait;
				INFOPLIST_KEY_UISupportedInterfaceOrientations_iPad = "UIInterfaceOrientationLandscapeLeft UIInterfaceOrientationLandscapeRight UIInterfaceOrientationPortrait UIInterfaceOrientationPortraitUpsideDown";
				LD_RUNPATH_SEARCH_PATHS = (
					"$(inherited)",
					"@executable_path/Frameworks",
				);
				MARKETING_VERSION = 1.0;
				PRODUCT_BUNDLE_IDENTIFIER = "homeOffice.e1-app";
				PRODUCT_NAME = "$(TARGET_NAME)";
				SUPPORTED_PLATFORMS = "iphoneos iphonesimulator";
				SUPPORTS_MACCATALYST = NO;
				SUPPORTS_MAC_DESIGNED_FOR_IPHONE_IPAD = NO;
				SUPPORTS_XR_DESIGNED_FOR_IPHONE_IPAD = NO;
				SWIFT_EMIT_LOC_STRINGS = YES;
				SWIFT_VERSION = 5.0;
				TARGETED_DEVICE_FAMILY = 1;
			};
			name = Debug;
		};
		02D83EB82BA5AEBD00D680AD /* Release */ = {
			isa = XCBuildConfiguration;
			buildSettings = {
				ASSETCATALOG_COMPILER_APPICON_NAME = AppIcon;
				ASSETCATALOG_COMPILER_GLOBAL_ACCENT_COLOR_NAME = AccentColor;
				CODE_SIGN_STYLE = Automatic;
				CURRENT_PROJECT_VERSION = 1;
				DEVELOPMENT_ASSET_PATHS = "\"e1_app/Resources/Preview Content\"";
				DEVELOPMENT_TEAM = 2L568N4PXS;
				ENABLE_PREVIEWS = YES;
				GENERATE_INFOPLIST_FILE = YES;
				INFOPLIST_KEY_LSApplicationCategoryType = "public.app-category.business";
				INFOPLIST_KEY_UIApplicationSceneManifest_Generation = YES;
				INFOPLIST_KEY_UIApplicationSupportsIndirectInputEvents = YES;
				INFOPLIST_KEY_UILaunchScreen_Generation = YES;
				INFOPLIST_KEY_UISupportedInterfaceOrientations = UIInterfaceOrientationPortrait;
				INFOPLIST_KEY_UISupportedInterfaceOrientations_iPad = "UIInterfaceOrientationLandscapeLeft UIInterfaceOrientationLandscapeRight UIInterfaceOrientationPortrait UIInterfaceOrientationPortraitUpsideDown";
				LD_RUNPATH_SEARCH_PATHS = (
					"$(inherited)",
					"@executable_path/Frameworks",
				);
				MARKETING_VERSION = 1.0;
				PRODUCT_BUNDLE_IDENTIFIER = "homeOffice.e1-app";
				PRODUCT_NAME = "$(TARGET_NAME)";
				SUPPORTED_PLATFORMS = "iphoneos iphonesimulator";
				SUPPORTS_MACCATALYST = NO;
				SUPPORTS_MAC_DESIGNED_FOR_IPHONE_IPAD = NO;
				SUPPORTS_XR_DESIGNED_FOR_IPHONE_IPAD = NO;
				SWIFT_EMIT_LOC_STRINGS = YES;
				SWIFT_VERSION = 5.0;
				TARGETED_DEVICE_FAMILY = 1;
			};
			name = Release;
		};
/* End XCBuildConfiguration section */

/* Begin XCConfigurationList section */
		02D83EA32BA5AEBC00D680AD /* Build configuration list for PBXProject "e1_app" */ = {
			isa = XCConfigurationList;
			buildConfigurations = (
				02D83EB42BA5AEBD00D680AD /* Debug */,
				02D83EB52BA5AEBD00D680AD /* Release */,
			);
			defaultConfigurationIsVisible = 0;
			defaultConfigurationName = Release;
		};
		02D83EB62BA5AEBD00D680AD /* Build configuration list for PBXNativeTarget "e1_app" */ = {
			isa = XCConfigurationList;
			buildConfigurations = (
				02D83EB72BA5AEBD00D680AD /* Debug */,
				02D83EB82BA5AEBD00D680AD /* Release */,
			);
			defaultConfigurationIsVisible = 0;
			defaultConfigurationName = Release;
		};
/* End XCConfigurationList section */
	};
	rootObject = 02D83EA02BA5AEBC00D680AD /* Project object */;
}
